
Microsoft Visual Studio Solution File, Format Version 12.00
# Visual Studio Version 17
VisualStudioVersion = 17.7.34221.43
MinimumVisualStudioVersion = 10.0.40219.1
Project("{FAE04EC0-301F-11D3-BF4B-00C04F79EFBC}") = "Kalkulator", "Kalkulator.csproj", "{DC7D1732-0F1D-40D9-89A8-CBCAA6B73FAA}"
EndProject
Global
	GlobalSection(SolutionConfigurationPlatforms) = preSolution
		Debug|Any CPU = Debug|Any CPU
		Release|Any CPU = Release|Any CPU
	EndGlobalSection
	GlobalSection(ProjectConfigurationPlatforms) = postSolution
		{DC7D1732-0F1D-40D9-89A8-CBCAA6B73FAA}.Debug|Any CPU.ActiveCfg = Debug|Any CPU
		{DC7D1732-0F1D-40D9-89A8-CBCAA6B73FAA}.Debug|Any CPU.Build.0 = Debug|Any CPU
		{DC7D1732-0F1D-40D9-89A8-CBCAA6B73FAA}.Release|Any CPU.ActiveCfg = Release|Any CPU
		{DC7D1732-0F1D-40D9-89A8-CBCAA6B73FAA}.Release|Any CPU.Build.0 = Release|Any CPU
	EndGlobalSection
	GlobalSection(SolutionProperties) = preSolution
		HideSolutionNode = FALSE
	EndGlobalSection
	GlobalSection(ExtensibilityGlobals) = postSolution
		SolutionGuid = {11B34C2C-C68B-499E-A9F3-0686A2BD23C8}
	EndGlobalSection
EndGlobal
